PODS:
  - AFNetworking (3.2.1):
    - AFNetworking/NSURLSession (= 3.2.1)
    - AFNetworking/Reachability (= 3.2.1)
    - AFNetworking/Security (= 3.2.1)
    - AFNetworking/Serialization (= 3.2.1)
    - AFNetworking/UIKit (= 3.2.1)
  - AFNetworking/NSURLSession (3.2.1):
    - AFNetworking/Reachability
    - AFNetworking/Security
    - AFNetworking/Serialization
  - AFNetworking/Reachability (3.2.1)
  - AFNetworking/Security (3.2.1)
  - AFNetworking/Serialization (3.2.1)
  - AFNetworking/UIKit (3.2.1):
    - AFNetworking/NSURLSession
  - DFCache (4.0.2)
  - Expecta (1.0.6)
  - "Expecta+Snapshots (3.1.1)":
    - Expecta (~> 1.0)
    - FBSnapshotTestCase/Core (~> 2.0)
    - Specta (~> 1.0)
  - FBSnapshotTestCase (2.1.4):
    - FBSnapshotTestCase/SwiftSupport (= 2.1.4)
  - FBSnapshotTestCase/Core (2.1.4)
  - FBSnapshotTestCase/SwiftSupport (2.1.4):
    - FBSnapshotTestCase/Core
  - GTMBase64 (1.0.1)
  - Specta (1.0.7)
  - TFoundation (0.1.0):
    - TFoundation/Cache (= 0.1.0)
    - TFoundation/Category (= 0.1.0)
    - TFoundation/NetWork (= 0.1.0)
    - TFoundation/Preferences (= 0.1.0)
  - TFoundation/Cache (0.1.0):
    - DFCache
  - TFoundation/Category (0.1.0):
    - GTMBase64
  - TFoundation/NetWork (0.1.0):
    - AFNetworking
  - TFoundation/Preferences (0.1.0):
    - TFoundation/Cache

DEPENDENCIES:
  - Expecta
  - "Expecta+Snapshots"
  - FBSnapshotTestCase
  - Specta
  - TFoundation (from `../`)

SPEC REPOS:
  https://github.com/CocoaPods/Specs.git:
    - AFNetworking
    - DFCache
    - GTMBase64
  trunk:
    - Expecta
    - "Expecta+Snapshots"
    - FBSnapshotTestCase
    - Specta

EXTERNAL SOURCES:
  TFoundation:
    :path: "../"

SPEC CHECKSUMS:
  AFNetworking: b6f891fdfaed196b46c7a83cf209e09697b94057
  DFCache: 29f9c20605ae91a951c161326e41a016128d6259
  Expecta: 3b6bd90a64b9a1dcb0b70aa0e10a7f8f631667d5
  "Expecta+Snapshots": dcff217eef506dabd6dfdc7864ea2da321fafbb8
  FBSnapshotTestCase: 094f9f314decbabe373b87cc339bea235a63e07a
  GTMBase64: f0f91be06a7a20b84c8e4fee30c0430395091d82
  Specta: 3e1bd89c3517421982dc4d1c992503e48bd5fe66
  TFoundation: cd7f6fbddabd835051e0e3ea72afc082555326cd

PODFILE CHECKSUM: 5b9788ab677ba0275861825a43263dada317b77f

COCOAPODS: 1.8.4
